
Microsoft Visual Studio Solution File, Format Version 12.00
# Visual Studio 15
VisualStudioVersion = 15.0.28307.329
MinimumVisualStudioVersion = 10.0.40219.1
Project("{FAE04EC0-301F-11D3-BF4B-00C04F79EFBC}") = "lab3", "lab3\lab3.csproj", "{80517274-DA85-4C03-982D-C8DEC6B19B9D}"
EndProject
Global
	GlobalSection(SolutionConfigurationPlatforms) = preSolution
		Debug|Any CPU = Debug|Any CPU
		Release|Any CPU = Release|Any CPU
	EndGlobalSection
	GlobalSection(ProjectConfigurationPlatforms) = postSolution
		{80517274-DA85-4C03-982D-C8DEC6B19B9D}.Debug|Any CPU.ActiveCfg = Debug|Any CPU
		{80517274-DA85-4C03-982D-C8DEC6B19B9D}.Debug|Any CPU.Build.0 = Debug|Any CPU
		{80517274-DA85-4C03-982D-C8DEC6B19B9D}.Release|Any CPU.ActiveCfg = Release|Any CPU
		{80517274-DA85-4C03-982D-C8DEC6B19B9D}.Release|Any CPU.Build.0 = Release|Any CPU
	EndGlobalSection
	GlobalSection(SolutionProperties) = preSolution
		HideSolutionNode = FALSE
	EndGlobalSection
	GlobalSection(ExtensibilityGlobals) = postSolution
		SolutionGuid = {4AEE3B4E-75B5-4207-8143-61A63A735769}
	EndGlobalSection
EndGlobal
